
Microsoft Visual Studio Solution File, Format Version 12.00
# Visual Studio Version 17
VisualStudioVersion = 17.9.34616.47
MinimumVisualStudioVersion = 10.0.40219.1
Project("{9A19103F-16F7-4668-BE54-9A1E7A4F7556}") = "EventsWebApplication.Core", "EventsWebApplication.Core\EventsWebApplication.Core.csproj", "{F037FB63-0C27-4B18-B1A8-AE622850FACD}"
EndProject
Project("{9A19103F-16F7-4668-BE54-9A1E7A4F7556}") = "EventsWebApplication.DataAccess", "EventsWebApplication.DataAccess\EventsWebApplication.DataAccess.csproj", "{FD1EF8EC-BA6D-424A-B6DE-30747E95C9B5}"
EndProject
Project("{9A19103F-16F7-4668-BE54-9A1E7A4F7556}") = "EventsWebApplication.Application", "EventsWebApplication.Application\EventsWebApplication.Application.csproj", "{162A1C09-D95C-48A4-A30C-AB398A5EF89A}"
EndProject
Project("{9A19103F-16F7-4668-BE54-9A1E7A4F7556}") = "EventsWebApplication.Infrastructure", "EventsWebApplication.Infrastructure\EventsWebApplication.Infrastructure.csproj", "{246E9D06-DF3B-4C71-B42E-D127BB572764}"
EndProject
Project("{9A19103F-16F7-4668-BE54-9A1E7A4F7556}") = "EventsWebApplication.Api", "EventsWebApplication.Api\EventsWebApplication.Api.csproj", "{EBA93AE5-8F69-41D3-A434-D30DD6A46564}"
EndProject
Project("{FAE04EC0-301F-11D3-BF4B-00C04F79EFBC}") = "EventsWebApplication.Tests", "EventsWebApplication.Tests\EventsWebApplication.Tests.csproj", "{39F9C781-2502-4823-8C89-10D2C8D0B4B7}"
EndProject
Global
	GlobalSection(SolutionConfigurationPlatforms) = preSolution
		Debug|Any CPU = Debug|Any CPU
		Release|Any CPU = Release|Any CPU
	EndGlobalSection
	GlobalSection(ProjectConfigurationPlatforms) = postSolution
		{F037FB63-0C27-4B18-B1A8-AE622850FACD}.Debug|Any CPU.ActiveCfg = Debug|Any CPU
		{F037FB63-0C27-4B18-B1A8-AE622850FACD}.Debug|Any CPU.Build.0 = Debug|Any CPU
		{F037FB63-0C27-4B18-B1A8-AE622850FACD}.Release|Any CPU.ActiveCfg = Release|Any CPU
		{F037FB63-0C27-4B18-B1A8-AE622850FACD}.Release|Any CPU.Build.0 = Release|Any CPU
		{FD1EF8EC-BA6D-424A-B6DE-30747E95C9B5}.Debug|Any CPU.ActiveCfg = Debug|Any CPU
		{FD1EF8EC-BA6D-424A-B6DE-30747E95C9B5}.Debug|Any CPU.Build.0 = Debug|Any CPU
		{FD1EF8EC-BA6D-424A-B6DE-30747E95C9B5}.Release|Any CPU.ActiveCfg = Release|Any CPU
		{FD1EF8EC-BA6D-424A-B6DE-30747E95C9B5}.Release|Any CPU.Build.0 = Release|Any CPU
		{162A1C09-D95C-48A4-A30C-AB398A5EF89A}.Debug|Any CPU.ActiveCfg = Debug|Any CPU
		{162A1C09-D95C-48A4-A30C-AB398A5EF89A}.Debug|Any CPU.Build.0 = Debug|Any CPU
		{162A1C09-D95C-48A4-A30C-AB398A5EF89A}.Release|Any CPU.ActiveCfg = Release|Any CPU
		{162A1C09-D95C-48A4-A30C-AB398A5EF89A}.Release|Any CPU.Build.0 = Release|Any CPU
		{246E9D06-DF3B-4C71-B42E-D127BB572764}.Debug|Any CPU.ActiveCfg = Debug|Any CPU
		{246E9D06-DF3B-4C71-B42E-D127BB572764}.Debug|Any CPU.Build.0 = Debug|Any CPU
		{246E9D06-DF3B-4C71-B42E-D127BB572764}.Release|Any CPU.ActiveCfg = Release|Any CPU
		{246E9D06-DF3B-4C71-B42E-D127BB572764}.Release|Any CPU.Build.0 = Release|Any CPU
		{EBA93AE5-8F69-41D3-A434-D30DD6A46564}.Debug|Any CPU.ActiveCfg = Debug|Any CPU
		{EBA93AE5-8F69-41D3-A434-D30DD6A46564}.Debug|Any CPU.Build.0 = Debug|Any CPU
		{EBA93AE5-8F69-41D3-A434-D30DD6A46564}.Release|Any CPU.ActiveCfg = Release|Any CPU
		{EBA93AE5-8F69-41D3-A434-D30DD6A46564}.Release|Any CPU.Build.0 = Release|Any CPU
		{39F9C781-2502-4823-8C89-10D2C8D0B4B7}.Debug|Any CPU.ActiveCfg = Debug|Any CPU
		{39F9C781-2502-4823-8C89-10D2C8D0B4B7}.Debug|Any CPU.Build.0 = Debug|Any CPU
		{39F9C781-2502-4823-8C89-10D2C8D0B4B7}.Release|Any CPU.ActiveCfg = Release|Any CPU
		{39F9C781-2502-4823-8C89-10D2C8D0B4B7}.Release|Any CPU.Build.0 = Release|Any CPU
	EndGlobalSection
	GlobalSection(SolutionProperties) = preSolution
		HideSolutionNode = FALSE
	EndGlobalSection
	GlobalSection(ExtensibilityGlobals) = postSolution
		SolutionGuid = {F1F381D3-AC96-4F3B-87D5-FF63E6BF3B88}
	EndGlobalSection
EndGlobal
